
Microsoft Visual Studio Solution File, Format Version 12.00
# Visual Studio Version 16
VisualStudioVersion = 16.0.31205.134
MinimumVisualStudioVersion = 10.0.40219.1
Project("{2150E333-8FDC-42A3-9474-1A3956D46DE8}") = "src", "src", "{0ED82BE5-F7F5-480E-84C3-B4D47CF34A50}"
EndProject
Project("{2150E333-8FDC-42A3-9474-1A3956D46DE8}") = "tests", "tests", "{14433536-6A14-4C84-81DE-AA8E7BC00339}"
EndProject
Project("{9A19103F-16F7-4668-BE54-9A1E7A4F7556}") = "Itau.CoinExchange.Api", "src\Itau.CoinExchange.Api\Itau.CoinExchange.Api.csproj", "{F73C4876-52EB-4975-A1D8-A5758719F1AE}"
EndProject
Project("{9A19103F-16F7-4668-BE54-9A1E7A4F7556}") = "Itau.CoinExchange.Application", "src\Itau.CoinExchange.Application\Itau.CoinExchange.Application.csproj", "{14C2893D-6CBB-4E7E-8397-94DC29F65177}"
EndProject
Project("{9A19103F-16F7-4668-BE54-9A1E7A4F7556}") = "Itau.CoinExchange.Domain", "src\Itau.CoinExchange.Domain\Itau.CoinExchange.Domain.csproj", "{BE2FCEB8-EBB6-4CB1-BFC2-614381AF6D52}"
EndProject
Project("{9A19103F-16F7-4668-BE54-9A1E7A4F7556}") = "Itau.CoinExchange.Domain.Base", "src\Itau.CoinExchange.Domain.Base\Itau.CoinExchange.Domain.Base.csproj", "{7F739905-8878-4F6F-AD7C-BA6644520A49}"
EndProject
Project("{2150E333-8FDC-42A3-9474-1A3956D46DE8}") = "1 - Application", "1 - Application", "{85C0FD93-8E4D-44F9-9B1E-50834325779F}"
EndProject
Project("{2150E333-8FDC-42A3-9474-1A3956D46DE8}") = "2 - Domain", "2 - Domain", "{AE17DDFB-3B3C-43C5-96AF-976BA976791A}"
EndProject
Project("{2150E333-8FDC-42A3-9474-1A3956D46DE8}") = "3 - Repositories", "3 - Repositories", "{43A92C2F-F58D-4D51-8F0D-74521D7AE7EE}"
EndProject
Project("{FAE04EC0-301F-11D3-BF4B-00C04F79EFBC}") = "Itau.CoinExchange.Repositories", "src\Itau.CoinExchange.Repositories\Itau.CoinExchange.Repositories.csproj", "{905B28DB-FA6E-4447-96A6-2DA0E9FBB4F4}"
EndProject
Project("{FAE04EC0-301F-11D3-BF4B-00C04F79EFBC}") = "Itau.CoinExchange.Repositories.Base", "src\Itau.CoinExchange.Repositories.Base\Itau.CoinExchange.Repositories.Base.csproj", "{4758974C-850D-4206-864D-4718C362821E}"
EndProject
Project("{2150E333-8FDC-42A3-9474-1A3956D46DE8}") = "4 - Infra", "4 - Infra", "{0E4B1965-6506-47AF-BF1F-3A360C009A02}"
EndProject
Project("{FAE04EC0-301F-11D3-BF4B-00C04F79EFBC}") = "Itau.CoinExchange.Data", "src\Itau.CoinExchange.Data\Itau.CoinExchange.Data.csproj", "{B10120F8-29E3-4E0B-B309-A2168B627CA7}"
EndProject
Project("{2150E333-8FDC-42A3-9474-1A3956D46DE8}") = "5 - DependencyInjection", "5 - DependencyInjection", "{4F3B0D6F-9C7E-4A70-971B-1BD2831355EB}"
EndProject
Project("{FAE04EC0-301F-11D3-BF4B-00C04F79EFBC}") = "Itau.CoinExchange.DependenciesInjections", "src\Itau.CoinExchange.DependenciesInjections\Itau.CoinExchange.DependenciesInjections.csproj", "{859F432B-FB6E-4A26-9514-F85FED64E7D0}"
EndProject
Project("{FAE04EC0-301F-11D3-BF4B-00C04F79EFBC}") = "Itau.CoinExchange.Application.Contracts", "src\Itau.CoinExchange.Application.Contracts\Itau.CoinExchange.Application.Contracts.csproj", "{83D6584F-D7F2-42F0-AD6B-D32B03647FD6}"
EndProject
Project("{E53339B2-1760-4266-BCC7-CA923CBCF16C}") = "docker-compose", "docker-compose.dcproj", "{9CF8BC94-C8F5-4472-85F7-6C6FEC95286E}"
EndProject
Global
	GlobalSection(SolutionConfigurationPlatforms) = preSolution
		Debug|Any CPU = Debug|Any CPU
		Release|Any CPU = Release|Any CPU
	EndGlobalSection
	GlobalSection(ProjectConfigurationPlatforms) = postSolution
		{F73C4876-52EB-4975-A1D8-A5758719F1AE}.Debug|Any CPU.ActiveCfg = Debug|Any CPU
		{F73C4876-52EB-4975-A1D8-A5758719F1AE}.Debug|Any CPU.Build.0 = Debug|Any CPU
		{F73C4876-52EB-4975-A1D8-A5758719F1AE}.Release|Any CPU.ActiveCfg = Release|Any CPU
		{F73C4876-52EB-4975-A1D8-A5758719F1AE}.Release|Any CPU.Build.0 = Release|Any CPU
		{14C2893D-6CBB-4E7E-8397-94DC29F65177}.Debug|Any CPU.ActiveCfg = Debug|Any CPU
		{14C2893D-6CBB-4E7E-8397-94DC29F65177}.Debug|Any CPU.Build.0 = Debug|Any CPU
		{14C2893D-6CBB-4E7E-8397-94DC29F65177}.Release|Any CPU.ActiveCfg = Release|Any CPU
		{14C2893D-6CBB-4E7E-8397-94DC29F65177}.Release|Any CPU.Build.0 = Release|Any CPU
		{BE2FCEB8-EBB6-4CB1-BFC2-614381AF6D52}.Debug|Any CPU.ActiveCfg = Debug|Any CPU
		{BE2FCEB8-EBB6-4CB1-BFC2-614381AF6D52}.Debug|Any CPU.Build.0 = Debug|Any CPU
		{BE2FCEB8-EBB6-4CB1-BFC2-614381AF6D52}.Release|Any CPU.ActiveCfg = Release|Any CPU
		{BE2FCEB8-EBB6-4CB1-BFC2-614381AF6D52}.Release|Any CPU.Build.0 = Release|Any CPU
		{7F739905-8878-4F6F-AD7C-BA6644520A49}.Debug|Any CPU.ActiveCfg = Debug|Any CPU
		{7F739905-8878-4F6F-AD7C-BA6644520A49}.Debug|Any CPU.Build.0 = Debug|Any CPU
		{7F739905-8878-4F6F-AD7C-BA6644520A49}.Release|Any CPU.ActiveCfg = Release|Any CPU
		{7F739905-8878-4F6F-AD7C-BA6644520A49}.Release|Any CPU.Build.0 = Release|Any CPU
		{905B28DB-FA6E-4447-96A6-2DA0E9FBB4F4}.Debug|Any CPU.ActiveCfg = Debug|Any CPU
		{905B28DB-FA6E-4447-96A6-2DA0E9FBB4F4}.Debug|Any CPU.Build.0 = Debug|Any CPU
		{905B28DB-FA6E-4447-96A6-2DA0E9FBB4F4}.Release|Any CPU.ActiveCfg = Release|Any CPU
		{905B28DB-FA6E-4447-96A6-2DA0E9FBB4F4}.Release|Any CPU.Build.0 = Release|Any CPU
		{4758974C-850D-4206-864D-4718C362821E}.Debug|Any CPU.ActiveCfg = Debug|Any CPU
		{4758974C-850D-4206-864D-4718C362821E}.Debug|Any CPU.Build.0 = Debug|Any CPU
		{4758974C-850D-4206-864D-4718C362821E}.Release|Any CPU.ActiveCfg = Release|Any CPU
		{4758974C-850D-4206-864D-4718C362821E}.Release|Any CPU.Build.0 = Release|Any CPU
		{B10120F8-29E3-4E0B-B309-A2168B627CA7}.Debug|Any CPU.ActiveCfg = Debug|Any CPU
		{B10120F8-29E3-4E0B-B309-A2168B627CA7}.Debug|Any CPU.Build.0 = Debug|Any CPU
		{B10120F8-29E3-4E0B-B309-A2168B627CA7}.Release|Any CPU.ActiveCfg = Release|Any CPU
		{B10120F8-29E3-4E0B-B309-A2168B627CA7}.Release|Any CPU.Build.0 = Release|Any CPU
		{859F432B-FB6E-4A26-9514-F85FED64E7D0}.Debug|Any CPU.ActiveCfg = Debug|Any CPU
		{859F432B-FB6E-4A26-9514-F85FED64E7D0}.Debug|Any CPU.Build.0 = Debug|Any CPU
		{859F432B-FB6E-4A26-9514-F85FED64E7D0}.Release|Any CPU.ActiveCfg = Release|Any CPU
		{859F432B-FB6E-4A26-9514-F85FED64E7D0}.Release|Any CPU.Build.0 = Release|Any CPU
		{83D6584F-D7F2-42F0-AD6B-D32B03647FD6}.Debug|Any CPU.ActiveCfg = Debug|Any CPU
		{83D6584F-D7F2-42F0-AD6B-D32B03647FD6}.Debug|Any CPU.Build.0 = Debug|Any CPU
		{83D6584F-D7F2-42F0-AD6B-D32B03647FD6}.Release|Any CPU.ActiveCfg = Release|Any CPU
		{83D6584F-D7F2-42F0-AD6B-D32B03647FD6}.Release|Any CPU.Build.0 = Release|Any CPU
		{9CF8BC94-C8F5-4472-85F7-6C6FEC95286E}.Debug|Any CPU.ActiveCfg = Debug|Any CPU
		{9CF8BC94-C8F5-4472-85F7-6C6FEC95286E}.Debug|Any CPU.Build.0 = Debug|Any CPU
		{9CF8BC94-C8F5-4472-85F7-6C6FEC95286E}.Release|Any CPU.ActiveCfg = Release|Any CPU
		{9CF8BC94-C8F5-4472-85F7-6C6FEC95286E}.Release|Any CPU.Build.0 = Release|Any CPU
	EndGlobalSection
	GlobalSection(SolutionProperties) = preSolution
		HideSolutionNode = FALSE
	EndGlobalSection
	GlobalSection(NestedProjects) = preSolution
		{F73C4876-52EB-4975-A1D8-A5758719F1AE} = {85C0FD93-8E4D-44F9-9B1E-50834325779F}
		{14C2893D-6CBB-4E7E-8397-94DC29F65177} = {85C0FD93-8E4D-44F9-9B1E-50834325779F}
		{BE2FCEB8-EBB6-4CB1-BFC2-614381AF6D52} = {AE17DDFB-3B3C-43C5-96AF-976BA976791A}
		{7F739905-8878-4F6F-AD7C-BA6644520A49} = {AE17DDFB-3B3C-43C5-96AF-976BA976791A}
		{85C0FD93-8E4D-44F9-9B1E-50834325779F} = {0ED82BE5-F7F5-480E-84C3-B4D47CF34A50}
		{AE17DDFB-3B3C-43C5-96AF-976BA976791A} = {0ED82BE5-F7F5-480E-84C3-B4D47CF34A50}
		{43A92C2F-F58D-4D51-8F0D-74521D7AE7EE} = {0ED82BE5-F7F5-480E-84C3-B4D47CF34A50}
		{905B28DB-FA6E-4447-96A6-2DA0E9FBB4F4} = {43A92C2F-F58D-4D51-8F0D-74521D7AE7EE}
		{4758974C-850D-4206-864D-4718C362821E} = {43A92C2F-F58D-4D51-8F0D-74521D7AE7EE}
		{0E4B1965-6506-47AF-BF1F-3A360C009A02} = {0ED82BE5-F7F5-480E-84C3-B4D47CF34A50}
		{B10120F8-29E3-4E0B-B309-A2168B627CA7} = {0E4B1965-6506-47AF-BF1F-3A360C009A02}
		{4F3B0D6F-9C7E-4A70-971B-1BD2831355EB} = {0ED82BE5-F7F5-480E-84C3-B4D47CF34A50}
		{859F432B-FB6E-4A26-9514-F85FED64E7D0} = {4F3B0D6F-9C7E-4A70-971B-1BD2831355EB}
		{83D6584F-D7F2-42F0-AD6B-D32B03647FD6} = {85C0FD93-8E4D-44F9-9B1E-50834325779F}
	EndGlobalSection
	GlobalSection(ExtensibilityGlobals) = postSolution
		SolutionGuid = {47A0DF2F-BE63-48B5-8A92-CFA446A80923}
	EndGlobalSection
EndGlobal
